
Microsoft Visual Studio Solution File, Format Version 12.00
Project("{FAE04EC0-301F-11D3-BF4B-00C04F79EFBC}") = "PlaygroundScheduler.Engine.Tests", "PlaygroundScheduler.Engine.Tests\PlaygroundScheduler.Engine.Tests.csproj", "{E8C4FD82-71A3-4BEA-9C7F-AFA5159AF7B4}"
EndProject
Project("{FAE04EC0-301F-11D3-BF4B-00C04F79EFBC}") = "PlaygroundScheduler.Sqlite", "PlaygroundScheduler.Sqlite\PlaygroundScheduler.Sqlite.csproj", "{8F90897F-7553-4C6D-AEF4-89E0F0DE9ED2}"
EndProject
Project("{FAE04EC0-301F-11D3-BF4B-00C04F79EFBC}") = "PlaygroundScheduler.Infrastructure.Runner", "PlaygroundScheduler.Infrastructure.Runner\PlaygroundScheduler.Infrastructure.Runner.csproj", "{73F2F6FA-CC2D-4190-A344-2E3DB79451D5}"
EndProject
Project("{FAE04EC0-301F-11D3-BF4B-00C04F79EFBC}") = "PlaygroundScheduler.Domain", "PlaygroundScheduler.Domain\PlaygroundScheduler.Domain.csproj", "{B323515F-EC39-4A4E-B4AE-2D1F0FC6C7E4}"
EndProject
Project("{FAE04EC0-301F-11D3-BF4B-00C04F79EFBC}") = "PlaygroundScheduler.Application", "PlaygroundScheduler.Application\PlaygroundScheduler.Application.csproj", "{9640641C-6D14-48E5-B56D-24E5F1E43C2E}"
EndProject
Project("{FAE04EC0-301F-11D3-BF4B-00C04F79EFBC}") = "PlaygroundScheduler.Avalonia.App", "PlaygroundScheduler.Avalonia.App\PlaygroundScheduler.Avalonia.App.csproj", "{16B09A63-3693-49D2-A9A5-5822DD271744}"
EndProject
Global
	GlobalSection(SolutionConfigurationPlatforms) = preSolution
		Debug|Any CPU = Debug|Any CPU
		Release|Any CPU = Release|Any CPU
	EndGlobalSection
	GlobalSection(ProjectConfigurationPlatforms) = postSolution
		{E8C4FD82-71A3-4BEA-9C7F-AFA5159AF7B4}.Debug|Any CPU.ActiveCfg = Debug|Any CPU
		{E8C4FD82-71A3-4BEA-9C7F-AFA5159AF7B4}.Debug|Any CPU.Build.0 = Debug|Any CPU
		{E8C4FD82-71A3-4BEA-9C7F-AFA5159AF7B4}.Release|Any CPU.ActiveCfg = Release|Any CPU
		{E8C4FD82-71A3-4BEA-9C7F-AFA5159AF7B4}.Release|Any CPU.Build.0 = Release|Any CPU
		{8F90897F-7553-4C6D-AEF4-89E0F0DE9ED2}.Debug|Any CPU.ActiveCfg = Debug|Any CPU
		{8F90897F-7553-4C6D-AEF4-89E0F0DE9ED2}.Debug|Any CPU.Build.0 = Debug|Any CPU
		{8F90897F-7553-4C6D-AEF4-89E0F0DE9ED2}.Release|Any CPU.ActiveCfg = Release|Any CPU
		{8F90897F-7553-4C6D-AEF4-89E0F0DE9ED2}.Release|Any CPU.Build.0 = Release|Any CPU
		{73F2F6FA-CC2D-4190-A344-2E3DB79451D5}.Debug|Any CPU.ActiveCfg = Debug|Any CPU
		{73F2F6FA-CC2D-4190-A344-2E3DB79451D5}.Debug|Any CPU.Build.0 = Debug|Any CPU
		{73F2F6FA-CC2D-4190-A344-2E3DB79451D5}.Release|Any CPU.ActiveCfg = Release|Any CPU
		{73F2F6FA-CC2D-4190-A344-2E3DB79451D5}.Release|Any CPU.Build.0 = Release|Any CPU
		{B323515F-EC39-4A4E-B4AE-2D1F0FC6C7E4}.Debug|Any CPU.ActiveCfg = Debug|Any CPU
		{B323515F-EC39-4A4E-B4AE-2D1F0FC6C7E4}.Debug|Any CPU.Build.0 = Debug|Any CPU
		{B323515F-EC39-4A4E-B4AE-2D1F0FC6C7E4}.Release|Any CPU.ActiveCfg = Release|Any CPU
		{B323515F-EC39-4A4E-B4AE-2D1F0FC6C7E4}.Release|Any CPU.Build.0 = Release|Any CPU
		{9640641C-6D14-48E5-B56D-24E5F1E43C2E}.Debug|Any CPU.ActiveCfg = Debug|Any CPU
		{9640641C-6D14-48E5-B56D-24E5F1E43C2E}.Debug|Any CPU.Build.0 = Debug|Any CPU
		{9640641C-6D14-48E5-B56D-24E5F1E43C2E}.Release|Any CPU.ActiveCfg = Release|Any CPU
		{9640641C-6D14-48E5-B56D-24E5F1E43C2E}.Release|Any CPU.Build.0 = Release|Any CPU
		{16B09A63-3693-49D2-A9A5-5822DD271744}.Debug|Any CPU.ActiveCfg = Debug|Any CPU
		{16B09A63-3693-49D2-A9A5-5822DD271744}.Debug|Any CPU.Build.0 = Debug|Any CPU
		{16B09A63-3693-49D2-A9A5-5822DD271744}.Release|Any CPU.ActiveCfg = Release|Any CPU
		{16B09A63-3693-49D2-A9A5-5822DD271744}.Release|Any CPU.Build.0 = Release|Any CPU
	EndGlobalSection
EndGlobal
